{
	"name": "@titanium/bluebird",
	"version": "3.0.0",
	"lockfileVersion": 1,
	"requires": true,
	"dependencies": {
		"bluebird": {
			"version": "3.0.0",
			"resolved": "https://registry.npmjs.org/bluebird/-/bluebird-3.0.0.tgz",
			"integrity": "sha1-8W60t1bkqvN3fTBg03y6c/SHCfo=",
			"dev": true
		}
	}
}
